<Solution>
  <Project Path="src/Azunyan.Core/Azunyan.Core.csproj" />
  <Project Path="src/Azunyan.Layout/Azunyan.Layout.csproj" />
  <Project Path="src/Azunyan.Syntax/Azunyan.Syntax.csproj" />
  <Project Path="src/Azunyan.WinUI/Azunyan.WinUI.csproj" />
  <Project Path="tests/Azunyan.Core.Tests/Azunyan.Core.Tests.csproj" />
  <Project Path="tests/Azunyan.Syntax.Tests/Azunyan.Syntax.Tests.csproj" />
  <Project Path="tests/Azunote.Tests/Azunote.Tests.csproj" />
  <Project Path="tests/Azunote.UiTests/Azunote.UiTests.csproj" />
  <Project Path="src/Azunote/Azunote.csproj" />
</Solution>
